Microsoft Visual Studio Solution File, Format Version 12.00
# Visual Studio Version 17
VisualStudioVersion = 17.5.2.0
MinimumVisualStudioVersion = 10.0.40219.1
Project("{FAE04EC0-301F-11D3-BF4B-00C04F79EFBC}") = "TonhoLocacao", "TonhoLocacao.csproj", "{7958EFFE-B668-E44D-1A5D-062D41A0CECD}"
EndProject
Global
	GlobalSection(SolutionConfigurationPlatforms) = preSolution
		Debug|Any CPU = Debug|Any CPU
		Release|Any CPU = Release|Any CPU
	EndGlobalSection
	GlobalSection(ProjectConfigurationPlatforms) = postSolution
		{7958EFFE-B668-E44D-1A5D-062D41A0CECD}.Debug|Any CPU.ActiveCfg = Debug|Any CPU
		{7958EFFE-B668-E44D-1A5D-062D41A0CECD}.Debug|Any CPU.Build.0 = Debug|Any CPU
		{7958EFFE-B668-E44D-1A5D-062D41A0CECD}.Release|Any CPU.ActiveCfg = Release|Any CPU
		{7958EFFE-B668-E44D-1A5D-062D41A0CECD}.Release|Any CPU.Build.0 = Release|Any CPU
	EndGlobalSection
	GlobalSection(SolutionProperties) = preSolution
		HideSolutionNode = FALSE
	EndGlobalSection
	GlobalSection(ExtensibilityGlobals) = postSolution
		SolutionGuid = {8FD816DE-D904-4C32-9D8C-16CD40B2266F}
	EndGlobalSection
EndGlobal
